
Microsoft Visual Studio Solution File, Format Version 12.00
# Visual Studio Version 16
VisualStudioVersion = 16.0.32002.261
MinimumVisualStudioVersion = 10.0.40219.1
Project("{FAE04EC0-301F-11D3-BF4B-00C04F79EFBC}") = "ReversFile", "ReversFile\ReversFile.csproj", "{AC405193-71F4-44BC-BFD3-3D4DA10EFC4B}"
EndProject
Global
	GlobalSection(SolutionConfigurationPlatforms) = preSolution
		Debug|Any CPU = Debug|Any CPU
		Release|Any CPU = Release|Any CPU
	EndGlobalSection
	GlobalSection(ProjectConfigurationPlatforms) = postSolution
		{AC405193-71F4-44BC-BFD3-3D4DA10EFC4B}.Debug|Any CPU.ActiveCfg = Debug|Any CPU
		{AC405193-71F4-44BC-BFD3-3D4DA10EFC4B}.Debug|Any CPU.Build.0 = Debug|Any CPU
		{AC405193-71F4-44BC-BFD3-3D4DA10EFC4B}.Release|Any CPU.ActiveCfg = Release|Any CPU
		{AC405193-71F4-44BC-BFD3-3D4DA10EFC4B}.Release|Any CPU.Build.0 = Release|Any CPU
	EndGlobalSection
	GlobalSection(SolutionProperties) = preSolution
		HideSolutionNode = FALSE
	EndGlobalSection
	GlobalSection(ExtensibilityGlobals) = postSolution
		SolutionGuid = {02CCC18D-B67F-4698-B1E9-B85A336D6052}
	EndGlobalSection
EndGlobal
